
Microsoft Visual Studio Solution File, Format Version 12.00
# Visual Studio Version 16
VisualStudioVersion = 16.0.31424.327
MinimumVisualStudioVersion = 10.0.40219.1
Project("{FAE04EC0-301F-11D3-BF4B-00C04F79EFBC}") = "MagicDates", "MagicDates\MagicDates.csproj", "{1AFAB098-4147-48EB-90AF-C2DB6BA3326B}"
EndProject
Global
	GlobalSection(SolutionConfigurationPlatforms) = preSolution
		Debug|Any CPU = Debug|Any CPU
		Release|Any CPU = Release|Any CPU
	EndGlobalSection
	GlobalSection(ProjectConfigurationPlatforms) = postSolution
		{1AFAB098-4147-48EB-90AF-C2DB6BA3326B}.Debug|Any CPU.ActiveCfg = Debug|Any CPU
		{1AFAB098-4147-48EB-90AF-C2DB6BA3326B}.Debug|Any CPU.Build.0 = Debug|Any CPU
		{1AFAB098-4147-48EB-90AF-C2DB6BA3326B}.Release|Any CPU.ActiveCfg = Release|Any CPU
		{1AFAB098-4147-48EB-90AF-C2DB6BA3326B}.Release|Any CPU.Build.0 = Release|Any CPU
	EndGlobalSection
	GlobalSection(SolutionProperties) = preSolution
		HideSolutionNode = FALSE
	EndGlobalSection
	GlobalSection(ExtensibilityGlobals) = postSolution
		SolutionGuid = {4A120434-9F96-4AF9-94C2-1F5CDB0C4667}
	EndGlobalSection
EndGlobal
