
Microsoft Visual Studio Solution File, Format Version 12.00
# Visual Studio Version 17
VisualStudioVersion = 17.2.32630.192
MinimumVisualStudioVersion = 10.0.40219.1
Project("{FAE04EC0-301F-11D3-BF4B-00C04F79EFBC}") = "FavouriteDigit", "FavouriteDigit\FavouriteDigit.csproj", "{B373FF10-8C30-46AF-9EAB-67D6BC4BEF37}"
EndProject
Global
	GlobalSection(SolutionConfigurationPlatforms) = preSolution
		Debug|Any CPU = Debug|Any CPU
		Release|Any CPU = Release|Any CPU
	EndGlobalSection
	GlobalSection(ProjectConfigurationPlatforms) = postSolution
		{B373FF10-8C30-46AF-9EAB-67D6BC4BEF37}.Debug|Any CPU.ActiveCfg = Debug|Any CPU
		{B373FF10-8C30-46AF-9EAB-67D6BC4BEF37}.Debug|Any CPU.Build.0 = Debug|Any CPU
		{B373FF10-8C30-46AF-9EAB-67D6BC4BEF37}.Release|Any CPU.ActiveCfg = Release|Any CPU
		{B373FF10-8C30-46AF-9EAB-67D6BC4BEF37}.Release|Any CPU.Build.0 = Release|Any CPU
	EndGlobalSection
	GlobalSection(SolutionProperties) = preSolution
		HideSolutionNode = FALSE
	EndGlobalSection
	GlobalSection(ExtensibilityGlobals) = postSolution
		SolutionGuid = {C4F7E81E-DD77-4369-A36C-8B541FC99BFD}
	EndGlobalSection
EndGlobal
