
Microsoft Visual Studio Solution File, Format Version 12.00
# Visual Studio Version 17
VisualStudioVersion = 17.5.33424.131
MinimumVisualStudioVersion = 10.0.40219.1
Project("{FAE04EC0-301F-11D3-BF4B-00C04F79EFBC}") = "SumOfSquaresBy5", "SumOfSquaresBy5.csproj", "{2D33CBAE-BD11-428E-89C5-E4ACF95EF94C}"
EndProject
Global
	GlobalSection(SolutionConfigurationPlatforms) = preSolution
		Debug|Any CPU = Debug|Any CPU
		Release|Any CPU = Release|Any CPU
	EndGlobalSection
	GlobalSection(ProjectConfigurationPlatforms) = postSolution
		{2D33CBAE-BD11-428E-89C5-E4ACF95EF94C}.Debug|Any CPU.ActiveCfg = Debug|Any CPU
		{2D33CBAE-BD11-428E-89C5-E4ACF95EF94C}.Debug|Any CPU.Build.0 = Debug|Any CPU
		{2D33CBAE-BD11-428E-89C5-E4ACF95EF94C}.Release|Any CPU.ActiveCfg = Release|Any CPU
		{2D33CBAE-BD11-428E-89C5-E4ACF95EF94C}.Release|Any CPU.Build.0 = Release|Any CPU
	EndGlobalSection
	GlobalSection(SolutionProperties) = preSolution
		HideSolutionNode = FALSE
	EndGlobalSection
	GlobalSection(ExtensibilityGlobals) = postSolution
		SolutionGuid = {A58FDD91-B364-45C7-BDB1-F88DE1D9E11E}
	EndGlobalSection
EndGlobal
