
Microsoft Visual Studio Solution File, Format Version 12.00
# Visual Studio Version 16
VisualStudioVersion = 16.0.31205.134
MinimumVisualStudioVersion = 10.0.40219.1
Project("{FAE04EC0-301F-11D3-BF4B-00C04F79EFBC}") = "Uncrackable", "Uncrackable\Uncrackable.csproj", "{63545CCA-1AE3-45D3-BFBE-2C758E63B0E8}"
EndProject
Global
	GlobalSection(SolutionConfigurationPlatforms) = preSolution
		Debug|Any CPU = Debug|Any CPU
		Release|Any CPU = Release|Any CPU
	EndGlobalSection
	GlobalSection(ProjectConfigurationPlatforms) = postSolution
		{63545CCA-1AE3-45D3-BFBE-2C758E63B0E8}.Debug|Any CPU.ActiveCfg = Debug|Any CPU
		{63545CCA-1AE3-45D3-BFBE-2C758E63B0E8}.Debug|Any CPU.Build.0 = Debug|Any CPU
		{63545CCA-1AE3-45D3-BFBE-2C758E63B0E8}.Release|Any CPU.ActiveCfg = Release|Any CPU
		{63545CCA-1AE3-45D3-BFBE-2C758E63B0E8}.Release|Any CPU.Build.0 = Release|Any CPU
	EndGlobalSection
	GlobalSection(SolutionProperties) = preSolution
		HideSolutionNode = FALSE
	EndGlobalSection
	GlobalSection(ExtensibilityGlobals) = postSolution
		SolutionGuid = {42CCC841-F4C0-413C-B959-200FB55E4215}
	EndGlobalSection
EndGlobal
