
Microsoft Visual Studio Solution File, Format Version 12.00
# Visual Studio Version 17
VisualStudioVersion = 17.5.33424.131
MinimumVisualStudioVersion = 10.0.40219.1
Project("{FAE04EC0-301F-11D3-BF4B-00C04F79EFBC}") = "CalculatePay", "CalculatePay.csproj", "{02328C38-46DE-49F4-92DF-DB18BC1609EA}"
EndProject
Global
	GlobalSection(SolutionConfigurationPlatforms) = preSolution
		Debug|Any CPU = Debug|Any CPU
		Release|Any CPU = Release|Any CPU
	EndGlobalSection
	GlobalSection(ProjectConfigurationPlatforms) = postSolution
		{02328C38-46DE-49F4-92DF-DB18BC1609EA}.Debug|Any CPU.ActiveCfg = Debug|Any CPU
		{02328C38-46DE-49F4-92DF-DB18BC1609EA}.Debug|Any CPU.Build.0 = Debug|Any CPU
		{02328C38-46DE-49F4-92DF-DB18BC1609EA}.Release|Any CPU.ActiveCfg = Release|Any CPU
		{02328C38-46DE-49F4-92DF-DB18BC1609EA}.Release|Any CPU.Build.0 = Release|Any CPU
	EndGlobalSection
	GlobalSection(SolutionProperties) = preSolution
		HideSolutionNode = FALSE
	EndGlobalSection
	GlobalSection(ExtensibilityGlobals) = postSolution
		SolutionGuid = {A13E3657-3370-4876-8351-46A110ED5EEC}
	EndGlobalSection
EndGlobal
