
Microsoft Visual Studio Solution File, Format Version 12.00
# Visual Studio Version 17
VisualStudioVersion = 17.3.32825.248
MinimumVisualStudioVersion = 10.0.40219.1
Project("{FAE04EC0-301F-11D3-BF4B-00C04F79EFBC}") = "Assignment1", "Assignment1.csproj", "{AFE4660F-8D8A-4206-B1E9-E138C06BAA18}"
EndProject
Global
	GlobalSection(SolutionConfigurationPlatforms) = preSolution
		Debug|Any CPU = Debug|Any CPU
		Release|Any CPU = Release|Any CPU
	EndGlobalSection
	GlobalSection(ProjectConfigurationPlatforms) = postSolution
		{AFE4660F-8D8A-4206-B1E9-E138C06BAA18}.Debug|Any CPU.ActiveCfg = Debug|Any CPU
		{AFE4660F-8D8A-4206-B1E9-E138C06BAA18}.Debug|Any CPU.Build.0 = Debug|Any CPU
		{AFE4660F-8D8A-4206-B1E9-E138C06BAA18}.Release|Any CPU.ActiveCfg = Release|Any CPU
		{AFE4660F-8D8A-4206-B1E9-E138C06BAA18}.Release|Any CPU.Build.0 = Release|Any CPU
	EndGlobalSection
	GlobalSection(SolutionProperties) = preSolution
		HideSolutionNode = FALSE
	EndGlobalSection
	GlobalSection(ExtensibilityGlobals) = postSolution
		SolutionGuid = {2C378FF7-2F79-46F9-AEDF-924733E94762}
	EndGlobalSection
EndGlobal
