
Microsoft Visual Studio Solution File, Format Version 12.00
# Visual Studio Version 17
VisualStudioVersion = 17.5.33530.505
MinimumVisualStudioVersion = 10.0.40219.1
Project("{FAE04EC0-301F-11D3-BF4B-00C04F79EFBC}") = "ListExample", "ListExample.csproj", "{4A5B5298-E1A0-42ED-A256-C58AF26E00A5}"
EndProject
Global
	GlobalSection(SolutionConfigurationPlatforms) = preSolution
		Debug|Any CPU = Debug|Any CPU
		Release|Any CPU = Release|Any CPU
	EndGlobalSection
	GlobalSection(ProjectConfigurationPlatforms) = postSolution
		{4A5B5298-E1A0-42ED-A256-C58AF26E00A5}.Debug|Any CPU.ActiveCfg = Debug|Any CPU
		{4A5B5298-E1A0-42ED-A256-C58AF26E00A5}.Debug|Any CPU.Build.0 = Debug|Any CPU
		{4A5B5298-E1A0-42ED-A256-C58AF26E00A5}.Release|Any CPU.ActiveCfg = Release|Any CPU
		{4A5B5298-E1A0-42ED-A256-C58AF26E00A5}.Release|Any CPU.Build.0 = Release|Any CPU
	EndGlobalSection
	GlobalSection(SolutionProperties) = preSolution
		HideSolutionNode = FALSE
	EndGlobalSection
	GlobalSection(ExtensibilityGlobals) = postSolution
		SolutionGuid = {8150EA48-F882-48B0-A5D8-B9051F584D90}
	EndGlobalSection
EndGlobal
