
Microsoft Visual Studio Solution File, Format Version 12.00
# Visual Studio 15
VisualStudioVersion = 15.0.28010.2046
MinimumVisualStudioVersion = 10.0.40219.1
Project("{FAE04EC0-301F-11D3-BF4B-00C04F79EFBC}") = "StrFry", "StrFry\StrFry.csproj", "{53859E32-ADC8-4268-B552-8126634FB46B}"
EndProject
Global
	GlobalSection(SolutionConfigurationPlatforms) = preSolution
		Debug|Any CPU = Debug|Any CPU
		Release|Any CPU = Release|Any CPU
	EndGlobalSection
	GlobalSection(ProjectConfigurationPlatforms) = postSolution
		{53859E32-ADC8-4268-B552-8126634FB46B}.Debug|Any CPU.ActiveCfg = Debug|Any CPU
		{53859E32-ADC8-4268-B552-8126634FB46B}.Debug|Any CPU.Build.0 = Debug|Any CPU
		{53859E32-ADC8-4268-B552-8126634FB46B}.Release|Any CPU.ActiveCfg = Release|Any CPU
		{53859E32-ADC8-4268-B552-8126634FB46B}.Release|Any CPU.Build.0 = Release|Any CPU
	EndGlobalSection
	GlobalSection(SolutionProperties) = preSolution
		HideSolutionNode = FALSE
	EndGlobalSection
	GlobalSection(ExtensibilityGlobals) = postSolution
		SolutionGuid = {A87A51F6-3A79-43F0-8A41-595F17CCCDB5}
	EndGlobalSection
EndGlobal
