
Microsoft Visual Studio Solution File, Format Version 12.00
# Visual Studio Version 17
VisualStudioVersion = 17.5.33424.131
MinimumVisualStudioVersion = 10.0.40219.1
Project("{FAE04EC0-301F-11D3-BF4B-00C04F79EFBC}") = "GasPrice", "GasPrice.csproj", "{32197789-D73C-4AEA-8505-52BE9034035A}"
EndProject
Global
	GlobalSection(SolutionConfigurationPlatforms) = preSolution
		Debug|Any CPU = Debug|Any CPU
		Release|Any CPU = Release|Any CPU
	EndGlobalSection
	GlobalSection(ProjectConfigurationPlatforms) = postSolution
		{32197789-D73C-4AEA-8505-52BE9034035A}.Debug|Any CPU.ActiveCfg = Debug|Any CPU
		{32197789-D73C-4AEA-8505-52BE9034035A}.Debug|Any CPU.Build.0 = Debug|Any CPU
		{32197789-D73C-4AEA-8505-52BE9034035A}.Release|Any CPU.ActiveCfg = Release|Any CPU
		{32197789-D73C-4AEA-8505-52BE9034035A}.Release|Any CPU.Build.0 = Release|Any CPU
	EndGlobalSection
	GlobalSection(SolutionProperties) = preSolution
		HideSolutionNode = FALSE
	EndGlobalSection
	GlobalSection(ExtensibilityGlobals) = postSolution
		SolutionGuid = {CF1B7F52-86DB-4F79-AAC7-77167B23AA86}
	EndGlobalSection
EndGlobal
