
Microsoft Visual Studio Solution File, Format Version 12.00
# Visual Studio Express 14 for Windows Desktop
VisualStudioVersion = 14.0.24720.0
MinimumVisualStudioVersion = 10.0.40219.1
Project("{FAE04EC0-301F-11D3-BF4B-00C04F79EFBC}") = "ArrayIntermediate", "ArrayIntermediate\ArrayIntermediate.csproj", "{5904EC11-4BAB-4320-97DE-6FCD34E95B3C}"
EndProject
Global
	GlobalSection(SolutionConfigurationPlatforms) = preSolution
		Debug|Any CPU = Debug|Any CPU
		Release|Any CPU = Release|Any CPU
	EndGlobalSection
	GlobalSection(ProjectConfigurationPlatforms) = postSolution
		{5904EC11-4BAB-4320-97DE-6FCD34E95B3C}.Debug|Any CPU.ActiveCfg = Debug|Any CPU
		{5904EC11-4BAB-4320-97DE-6FCD34E95B3C}.Debug|Any CPU.Build.0 = Debug|Any CPU
		{5904EC11-4BAB-4320-97DE-6FCD34E95B3C}.Release|Any CPU.ActiveCfg = Release|Any CPU
		{5904EC11-4BAB-4320-97DE-6FCD34E95B3C}.Release|Any CPU.Build.0 = Release|Any CPU
	EndGlobalSection
	GlobalSection(SolutionProperties) = preSolution
		HideSolutionNode = FALSE
	EndGlobalSection
EndGlobal
