
Microsoft Visual Studio Solution File, Format Version 9.00
# Visual C# Express 2005
Project("{FAE04EC0-301F-11D3-BF4B-00C04F79EFBC}") = "SongMethod", "SongMethod\SongMethod.csproj", "{DE818E18-5B8B-47D0-B9E3-21750004FD6D}"
EndProject
Global
	GlobalSection(SolutionConfigurationPlatforms) = preSolution
		Debug|Any CPU = Debug|Any CPU
		Release|Any CPU = Release|Any CPU
	EndGlobalSection
	GlobalSection(ProjectConfigurationPlatforms) = postSolution
		{DE818E18-5B8B-47D0-B9E3-21750004FD6D}.Debug|Any CPU.ActiveCfg = Debug|Any CPU
		{DE818E18-5B8B-47D0-B9E3-21750004FD6D}.Debug|Any CPU.Build.0 = Debug|Any CPU
		{DE818E18-5B8B-47D0-B9E3-21750004FD6D}.Release|Any CPU.ActiveCfg = Release|Any CPU
		{DE818E18-5B8B-47D0-B9E3-21750004FD6D}.Release|Any CPU.Build.0 = Release|Any CPU
	EndGlobalSection
	GlobalSection(SolutionProperties) = preSolution
		HideSolutionNode = FALSE
	EndGlobalSection
EndGlobal
