
Microsoft Visual Studio Solution File, Format Version 12.00
# Visual Studio Version 16
VisualStudioVersion = 16.0.30320.27
MinimumVisualStudioVersion = 10.0.40219.1
Project("{FAE04EC0-301F-11D3-BF4B-00C04F79EFBC}") = "Isogram", "Isogram\Isogram.csproj", "{BC0178F0-EC3A-4717-9B8C-33AF2565AD4E}"
EndProject
Global
	GlobalSection(SolutionConfigurationPlatforms) = preSolution
		Debug|Any CPU = Debug|Any CPU
		Release|Any CPU = Release|Any CPU
	EndGlobalSection
	GlobalSection(ProjectConfigurationPlatforms) = postSolution
		{BC0178F0-EC3A-4717-9B8C-33AF2565AD4E}.Debug|Any CPU.ActiveCfg = Debug|Any CPU
		{BC0178F0-EC3A-4717-9B8C-33AF2565AD4E}.Debug|Any CPU.Build.0 = Debug|Any CPU
		{BC0178F0-EC3A-4717-9B8C-33AF2565AD4E}.Release|Any CPU.ActiveCfg = Release|Any CPU
		{BC0178F0-EC3A-4717-9B8C-33AF2565AD4E}.Release|Any CPU.Build.0 = Release|Any CPU
	EndGlobalSection
	GlobalSection(SolutionProperties) = preSolution
		HideSolutionNode = FALSE
	EndGlobalSection
	GlobalSection(ExtensibilityGlobals) = postSolution
		SolutionGuid = {320BEC30-339B-47A0-A29F-DD6CE7A6B626}
	EndGlobalSection
EndGlobal
