
Microsoft Visual Studio Solution File, Format Version 12.00
# Visual Studio Version 17
VisualStudioVersion = 17.5.33424.131
MinimumVisualStudioVersion = 10.0.40219.1
Project("{FAE04EC0-301F-11D3-BF4B-00C04F79EFBC}") = "BroadloomCost", "BroadloomCost.csproj", "{AD406FF8-3302-4EA3-AAE9-077C030C549E}"
EndProject
Global
	GlobalSection(SolutionConfigurationPlatforms) = preSolution
		Debug|Any CPU = Debug|Any CPU
		Release|Any CPU = Release|Any CPU
	EndGlobalSection
	GlobalSection(ProjectConfigurationPlatforms) = postSolution
		{AD406FF8-3302-4EA3-AAE9-077C030C549E}.Debug|Any CPU.ActiveCfg = Debug|Any CPU
		{AD406FF8-3302-4EA3-AAE9-077C030C549E}.Debug|Any CPU.Build.0 = Debug|Any CPU
		{AD406FF8-3302-4EA3-AAE9-077C030C549E}.Release|Any CPU.ActiveCfg = Release|Any CPU
		{AD406FF8-3302-4EA3-AAE9-077C030C549E}.Release|Any CPU.Build.0 = Release|Any CPU
	EndGlobalSection
	GlobalSection(SolutionProperties) = preSolution
		HideSolutionNode = FALSE
	EndGlobalSection
	GlobalSection(ExtensibilityGlobals) = postSolution
		SolutionGuid = {75FD1DBF-2259-4D7B-94A7-CF406D2F7F5C}
	EndGlobalSection
EndGlobal
