
Microsoft Visual Studio Solution File, Format Version 12.00
# Visual Studio Version 17
VisualStudioVersion = 17.5.33424.131
MinimumVisualStudioVersion = 10.0.40219.1
Project("{FAE04EC0-301F-11D3-BF4B-00C04F79EFBC}") = "Lecture45", "Lecture45.csproj", "{EE8E0D2A-EBEB-4805-AA8F-D6B2E2876203}"
EndProject
Global
	GlobalSection(SolutionConfigurationPlatforms) = preSolution
		Debug|Any CPU = Debug|Any CPU
		Release|Any CPU = Release|Any CPU
	EndGlobalSection
	GlobalSection(ProjectConfigurationPlatforms) = postSolution
		{EE8E0D2A-EBEB-4805-AA8F-D6B2E2876203}.Debug|Any CPU.ActiveCfg = Debug|Any CPU
		{EE8E0D2A-EBEB-4805-AA8F-D6B2E2876203}.Debug|Any CPU.Build.0 = Debug|Any CPU
		{EE8E0D2A-EBEB-4805-AA8F-D6B2E2876203}.Release|Any CPU.ActiveCfg = Release|Any CPU
		{EE8E0D2A-EBEB-4805-AA8F-D6B2E2876203}.Release|Any CPU.Build.0 = Release|Any CPU
	EndGlobalSection
	GlobalSection(SolutionProperties) = preSolution
		HideSolutionNode = FALSE
	EndGlobalSection
	GlobalSection(ExtensibilityGlobals) = postSolution
		SolutionGuid = {78F7EF77-54F5-4854-9CBF-76929D648DE8}
	EndGlobalSection
EndGlobal
