
Microsoft Visual Studio Solution File, Format Version 12.00
# Visual Studio Version 16
VisualStudioVersion = 16.0.31613.86
MinimumVisualStudioVersion = 10.0.40219.1
Project("{FAE04EC0-301F-11D3-BF4B-00C04F79EFBC}") = "SquareLand", "SquareLand\SquareLand.csproj", "{7E1FAC99-5692-4766-B6B1-281152F31E70}"
EndProject
Global
	GlobalSection(SolutionConfigurationPlatforms) = preSolution
		Debug|Any CPU = Debug|Any CPU
		Release|Any CPU = Release|Any CPU
	EndGlobalSection
	GlobalSection(ProjectConfigurationPlatforms) = postSolution
		{7E1FAC99-5692-4766-B6B1-281152F31E70}.Debug|Any CPU.ActiveCfg = Debug|Any CPU
		{7E1FAC99-5692-4766-B6B1-281152F31E70}.Debug|Any CPU.Build.0 = Debug|Any CPU
		{7E1FAC99-5692-4766-B6B1-281152F31E70}.Release|Any CPU.ActiveCfg = Release|Any CPU
		{7E1FAC99-5692-4766-B6B1-281152F31E70}.Release|Any CPU.Build.0 = Release|Any CPU
	EndGlobalSection
	GlobalSection(SolutionProperties) = preSolution
		HideSolutionNode = FALSE
	EndGlobalSection
	GlobalSection(ExtensibilityGlobals) = postSolution
		SolutionGuid = {4BFF732B-7A00-4F71-BFE6-C1970B79498F}
	EndGlobalSection
EndGlobal
