
Microsoft Visual Studio Solution File, Format Version 12.00
# Visual Studio Version 16
VisualStudioVersion = 16.0.31702.278
MinimumVisualStudioVersion = 10.0.40219.1
Project("{FAE04EC0-301F-11D3-BF4B-00C04F79EFBC}") = "Epidemiology", "Epidemiology\Epidemiology.csproj", "{81EB77C9-7586-4594-B2C8-9499BDF9D164}"
EndProject
Global
	GlobalSection(SolutionConfigurationPlatforms) = preSolution
		Debug|Any CPU = Debug|Any CPU
		Release|Any CPU = Release|Any CPU
	EndGlobalSection
	GlobalSection(ProjectConfigurationPlatforms) = postSolution
		{81EB77C9-7586-4594-B2C8-9499BDF9D164}.Debug|Any CPU.ActiveCfg = Debug|Any CPU
		{81EB77C9-7586-4594-B2C8-9499BDF9D164}.Debug|Any CPU.Build.0 = Debug|Any CPU
		{81EB77C9-7586-4594-B2C8-9499BDF9D164}.Release|Any CPU.ActiveCfg = Release|Any CPU
		{81EB77C9-7586-4594-B2C8-9499BDF9D164}.Release|Any CPU.Build.0 = Release|Any CPU
	EndGlobalSection
	GlobalSection(SolutionProperties) = preSolution
		HideSolutionNode = FALSE
	EndGlobalSection
	GlobalSection(ExtensibilityGlobals) = postSolution
		SolutionGuid = {E4CC3B15-CF39-46F0-9D77-0BB2879353D9}
	EndGlobalSection
EndGlobal
