
Microsoft Visual Studio Solution File, Format Version 12.00
# Visual Studio 15
VisualStudioVersion = 15.0.28010.2046
MinimumVisualStudioVersion = 10.0.40219.1
Project("{FAE04EC0-301F-11D3-BF4B-00C04F79EFBC}") = "TelephoneEncrypt", "TelephoneEncrypt\TelephoneEncrypt.csproj", "{CA09ADE4-B8F3-4B1F-9305-97DC8539DC30}"
EndProject
Global
	GlobalSection(SolutionConfigurationPlatforms) = preSolution
		Debug|Any CPU = Debug|Any CPU
		Release|Any CPU = Release|Any CPU
	EndGlobalSection
	GlobalSection(ProjectConfigurationPlatforms) = postSolution
		{CA09ADE4-B8F3-4B1F-9305-97DC8539DC30}.Debug|Any CPU.ActiveCfg = Debug|Any CPU
		{CA09ADE4-B8F3-4B1F-9305-97DC8539DC30}.Debug|Any CPU.Build.0 = Debug|Any CPU
		{CA09ADE4-B8F3-4B1F-9305-97DC8539DC30}.Release|Any CPU.ActiveCfg = Release|Any CPU
		{CA09ADE4-B8F3-4B1F-9305-97DC8539DC30}.Release|Any CPU.Build.0 = Release|Any CPU
	EndGlobalSection
	GlobalSection(SolutionProperties) = preSolution
		HideSolutionNode = FALSE
	EndGlobalSection
	GlobalSection(ExtensibilityGlobals) = postSolution
		SolutionGuid = {A18E011B-D87B-4622-9F24-261FDB74BAD5}
	EndGlobalSection
EndGlobal
