
Microsoft Visual Studio Solution File, Format Version 12.00
# Visual Studio Version 16
VisualStudioVersion = 16.0.31729.503
MinimumVisualStudioVersion = 10.0.40219.1
Project("{FAE04EC0-301F-11D3-BF4B-00C04F79EFBC}") = "SecretInstructions", "SecretInstructions\SecretInstructions.csproj", "{B52A94CE-497D-49E5-B1C5-45E8D511727B}"
EndProject
Global
	GlobalSection(SolutionConfigurationPlatforms) = preSolution
		Debug|Any CPU = Debug|Any CPU
		Release|Any CPU = Release|Any CPU
	EndGlobalSection
	GlobalSection(ProjectConfigurationPlatforms) = postSolution
		{B52A94CE-497D-49E5-B1C5-45E8D511727B}.Debug|Any CPU.ActiveCfg = Debug|Any CPU
		{B52A94CE-497D-49E5-B1C5-45E8D511727B}.Debug|Any CPU.Build.0 = Debug|Any CPU
		{B52A94CE-497D-49E5-B1C5-45E8D511727B}.Release|Any CPU.ActiveCfg = Release|Any CPU
		{B52A94CE-497D-49E5-B1C5-45E8D511727B}.Release|Any CPU.Build.0 = Release|Any CPU
	EndGlobalSection
	GlobalSection(SolutionProperties) = preSolution
		HideSolutionNode = FALSE
	EndGlobalSection
	GlobalSection(ExtensibilityGlobals) = postSolution
		SolutionGuid = {957A57BF-56FE-40AA-855C-832A1CAD517D}
	EndGlobalSection
EndGlobal
